
Microsoft Visual Studio Solution File, Format Version 12.00
# Visual Studio 15
VisualStudioVersion = 15.0.27130.2003
MinimumVisualStudioVersion = 10.0.40219.1
Project("{FAE04EC0-301F-11D3-BF4B-00C04F79EFBC}") = "Tools", "09-Tools\Tools.csproj", "{0416D33B-B7AF-433A-A990-C594C87E30CE}"
EndProject
Project("{FAE04EC0-301F-11D3-BF4B-00C04F79EFBC}") = "StructuralSearchAndReplace", "08-StructuralSearchAndReplace\StructuralSearchAndReplace.csproj", "{969392EF-35A5-4C65-AB3A-D0DF76119EF9}"
EndProject
Project("{FAE04EC0-301F-11D3-BF4B-00C04F79EFBC}") = "LiveTemplates", "07-LiveTemplates\LiveTemplates.csproj", "{1FE7F614-3637-4685-8C8D-6CCC496F2EC3}"
EndProject
Project("{2150E333-8FDC-42A3-9474-1A3956D46DE8}") = "06 Unit Testing", "06 Unit Testing", "{44B8DF48-BAAE-43FD-9BEF-73FF83BC4E5C}"
EndProject
Project("{2150E333-8FDC-42A3-9474-1A3956D46DE8}") = "07 Live Templates", "07 Live Templates", "{54647F4C-971F-4252-9F0E-23D787D007A8}"
EndProject
Project("{2150E333-8FDC-42A3-9474-1A3956D46DE8}") = "08 Structural Search and Replace", "08 Structural Search and Replace", "{A4877939-DC5E-4B31-AC6F-BD90BF28B7D7}"
EndProject
Project("{2150E333-8FDC-42A3-9474-1A3956D46DE8}") = "09 Tools", "09 Tools", "{CE26A73E-F110-464A-BF07-F4A7D4CB2D65}"
EndProject
Project("{2150E333-8FDC-42A3-9474-1A3956D46DE8}") = "04 Refactoring", "04 Refactoring", "{97403CA5-0D64-4787-AB6C-9E0ACFD5753D}"
EndProject
Project("{2150E333-8FDC-42A3-9474-1A3956D46DE8}") = "03 Inspections", "03 Inspections", "{478B743D-7E98-4B4A-A5A6-18C342DDEDEB}"
EndProject
Project("{2150E333-8FDC-42A3-9474-1A3956D46DE8}") = "02 Editing", "02 Editing", "{B5BF9E0D-7307-47BA-9E03-0B6DA6A7796D}"
EndProject
Project("{2150E333-8FDC-42A3-9474-1A3956D46DE8}") = "01 Navigation", "01 Navigation", "{2C9A3FC8-F87E-4A08-B21C-98628CE40181}"
EndProject
Project("{2150E333-8FDC-42A3-9474-1A3956D46DE8}") = "00 Essential Shortcuts", "00 Essential Shortcuts", "{EC1735C6-EE31-4DF7-9C0E-B1FE53743465}"
EndProject
Project("{FAE04EC0-301F-11D3-BF4B-00C04F79EFBC}") = "EssentialShortcuts", "00-EssentialShortcuts\EssentialShortcuts.csproj", "{7C2BD923-1D74-4D91-BADF-A221EA35F17B}"
EndProject
Project("{FAE04EC0-301F-11D3-BF4B-00C04F79EFBC}") = "Navigation", "01-Navigation\Navigation.csproj", "{08951B8E-2965-45BC-9B43-6E3C673C7629}"
EndProject
Project("{FAE04EC0-301F-11D3-BF4B-00C04F79EFBC}") = "Editing", "02-Editing\Editing.csproj", "{5C22F837-6630-4FB3-B123-804499937834}"
EndProject
Project("{FAE04EC0-301F-11D3-BF4B-00C04F79EFBC}") = "Inspections", "03-Inspections\Inspections.csproj", "{6705BA6A-5331-4508-9BC4-128B2B6FC3F9}"
EndProject
Project("{FAE04EC0-301F-11D3-BF4B-00C04F79EFBC}") = "UnitTesting", "06-UnitTesting\TestCode\UnitTesting.csproj", "{80015EB7-99CA-4481-A6A2-99230DE7DED8}"
EndProject
Project("{FAE04EC0-301F-11D3-BF4B-00C04F79EFBC}") = "UnitTesting-ProductionCode", "06-UnitTesting\ProductionCode\UnitTesting-ProductionCode.csproj", "{95F7A295-7515-4046-B044-64E7EF134892}"
EndProject
Project("{2150E333-8FDC-42A3-9474-1A3956D46DE8}") = "05 Languages and Frameworks", "05 Languages and Frameworks", "{25BAD51D-5240-4956-A350-1964C8B93FDA}"
EndProject
Project("{FAE04EC0-301F-11D3-BF4B-00C04F79EFBC}") = "RegularExpresssions", "05-LanguagesAndFrameworks\RegularExpresssions\RegularExpresssions.csproj", "{0D514801-30A3-4F31-9322-09B39B2A2467}"
EndProject
Project("{FAE04EC0-301F-11D3-BF4B-00C04F79EFBC}") = "Xaml", "05-LanguagesAndFrameworks\Xaml\Xaml.csproj", "{330370F0-9D64-47D8-A881-32293BB46DB2}"
EndProject
Project("{FAE04EC0-301F-11D3-BF4B-00C04F79EFBC}") = "Refactoring", "04-Refactoring\Refactoring\Refactoring.csproj", "{BDFA8849-9AFC-4DAC-9DBF-C99E19F1122E}"
EndProject
Project("{FAE04EC0-301F-11D3-BF4B-00C04F79EFBC}") = "Refactoring-MoveTarget", "04-Refactoring\Refactoring-MoveTarget\Refactoring-MoveTarget.csproj", "{C3CA581D-9289-443D-8EC5-50158F6FD9CD}"
EndProject
Project("{2150E333-8FDC-42A3-9474-1A3956D46DE8}") = "11 Other", "11 Other", "{ADC4FCD2-75B8-459C-BD96-0D8F6D33FF14}"
	ProjectSection(SolutionItems) = preProject
		11-Other\01-Interactive_Tutorials.txt = 11-Other\01-Interactive_Tutorials.txt
	EndProjectSection
EndProject
Project("{FAE04EC0-301F-11D3-BF4B-00C04F79EFBC}") = "GameOfLife", "11-Other\GameOfLife\GameOfLife.csproj", "{AC7DC4DA-1413-431F-B280-D22295196B4B}"
EndProject
Project("{F2A71F9B-5D33-465A-A702-920D77279786}") = "FSharpConsoleApplication", "11-Other\FSharpConsoleApplication\FSharpConsoleApplication.fsproj", "{A3EECD1F-204F-4F08-9121-C3253BB2A8A6}"
EndProject
Project("{2150E333-8FDC-42A3-9474-1A3956D46DE8}") = "10 Debugging", "10 Debugging", "{594D6BBC-99E0-4280-B87E-DEB416CD3131}"
EndProject
Project("{9A19103F-16F7-4668-BE54-9A1E7A4F7556}") = "DebuggingNetCoreTests", "10-Debugging\DebuggingNetCoreTests\DebuggingNetCoreTests.csproj", "{7CB58C05-7D81-48DE-87D9-18BEA1DEBD62}"
EndProject
Project("{FAE04EC0-301F-11D3-BF4B-00C04F79EFBC}") = "ParallelDebugging", "10-Debugging\ParallelDebugging\ParallelDebugging.csproj", "{1FD592B5-E545-4804-B302-FE39424292F3}"
EndProject
Project("{9A19103F-16F7-4668-BE54-9A1E7A4F7556}") = "DebuggingDemo", "10-Debugging\DebuggingDemo\DebuggingDemo.csproj", "{7DD31E3C-5105-445D-B755-914863CB06C6}"
EndProject
Project("{FAE04EC0-301F-11D3-BF4B-00C04F79EFBC}") = "MvcApplication5", "05-LanguagesAndFrameworks\MvcApplication5\MvcApplication5.csproj", "{86BFCE9B-9AE7-4901-AD5B-AD2F7419F764}"
EndProject
Global
	GlobalSection(SolutionConfigurationPlatforms) = preSolution
		Debug|Any CPU = Debug|Any CPU
		Release|Any CPU = Release|Any CPU
	EndGlobalSection
	GlobalSection(ProjectConfigurationPlatforms) = postSolution
		{0416D33B-B7AF-433A-A990-C594C87E30CE}.Debug|Any CPU.ActiveCfg = Debug|Any CPU
		{0416D33B-B7AF-433A-A990-C594C87E30CE}.Debug|Any CPU.Build.0 = Debug|Any CPU
		{0416D33B-B7AF-433A-A990-C594C87E30CE}.Release|Any CPU.ActiveCfg = Release|Any CPU
		{0416D33B-B7AF-433A-A990-C594C87E30CE}.Release|Any CPU.Build.0 = Release|Any CPU
		{969392EF-35A5-4C65-AB3A-D0DF76119EF9}.Debug|Any CPU.ActiveCfg = Debug|Any CPU
		{969392EF-35A5-4C65-AB3A-D0DF76119EF9}.Debug|Any CPU.Build.0 = Debug|Any CPU
		{969392EF-35A5-4C65-AB3A-D0DF76119EF9}.Release|Any CPU.ActiveCfg = Release|Any CPU
		{969392EF-35A5-4C65-AB3A-D0DF76119EF9}.Release|Any CPU.Build.0 = Release|Any CPU
		{1FE7F614-3637-4685-8C8D-6CCC496F2EC3}.Debug|Any CPU.ActiveCfg = Debug|Any CPU
		{1FE7F614-3637-4685-8C8D-6CCC496F2EC3}.Debug|Any CPU.Build.0 = Debug|Any CPU
		{1FE7F614-3637-4685-8C8D-6CCC496F2EC3}.Release|Any CPU.ActiveCfg = Release|Any CPU
		{1FE7F614-3637-4685-8C8D-6CCC496F2EC3}.Release|Any CPU.Build.0 = Release|Any CPU
		{7C2BD923-1D74-4D91-BADF-A221EA35F17B}.Debug|Any CPU.ActiveCfg = Debug|Any CPU
		{7C2BD923-1D74-4D91-BADF-A221EA35F17B}.Debug|Any CPU.Build.0 = Debug|Any CPU
		{7C2BD923-1D74-4D91-BADF-A221EA35F17B}.Release|Any CPU.ActiveCfg = Release|Any CPU
		{7C2BD923-1D74-4D91-BADF-A221EA35F17B}.Release|Any CPU.Build.0 = Release|Any CPU
		{08951B8E-2965-45BC-9B43-6E3C673C7629}.Debug|Any CPU.ActiveCfg = Debug|Any CPU
		{08951B8E-2965-45BC-9B43-6E3C673C7629}.Debug|Any CPU.Build.0 = Debug|Any CPU
		{08951B8E-2965-45BC-9B43-6E3C673C7629}.Release|Any CPU.ActiveCfg = Release|Any CPU
		{08951B8E-2965-45BC-9B43-6E3C673C7629}.Release|Any CPU.Build.0 = Release|Any CPU
		{5C22F837-6630-4FB3-B123-804499937834}.Debug|Any CPU.ActiveCfg = Debug|Any CPU
		{5C22F837-6630-4FB3-B123-804499937834}.Debug|Any CPU.Build.0 = Debug|Any CPU
		{5C22F837-6630-4FB3-B123-804499937834}.Release|Any CPU.ActiveCfg = Release|Any CPU
		{5C22F837-6630-4FB3-B123-804499937834}.Release|Any CPU.Build.0 = Release|Any CPU
		{6705BA6A-5331-4508-9BC4-128B2B6FC3F9}.Debug|Any CPU.ActiveCfg = Debug|Any CPU
		{6705BA6A-5331-4508-9BC4-128B2B6FC3F9}.Debug|Any CPU.Build.0 = Debug|Any CPU
		{6705BA6A-5331-4508-9BC4-128B2B6FC3F9}.Release|Any CPU.ActiveCfg = Release|Any CPU
		{6705BA6A-5331-4508-9BC4-128B2B6FC3F9}.Release|Any CPU.Build.0 = Release|Any CPU
		{80015EB7-99CA-4481-A6A2-99230DE7DED8}.Debug|Any CPU.ActiveCfg = Debug|Any CPU
		{80015EB7-99CA-4481-A6A2-99230DE7DED8}.Debug|Any CPU.Build.0 = Debug|Any CPU
		{80015EB7-99CA-4481-A6A2-99230DE7DED8}.Release|Any CPU.ActiveCfg = Release|Any CPU
		{80015EB7-99CA-4481-A6A2-99230DE7DED8}.Release|Any CPU.Build.0 = Release|Any CPU
		{95F7A295-7515-4046-B044-64E7EF134892}.Debug|Any CPU.ActiveCfg = Debug|Any CPU
		{95F7A295-7515-4046-B044-64E7EF134892}.Debug|Any CPU.Build.0 = Debug|Any CPU
		{95F7A295-7515-4046-B044-64E7EF134892}.Release|Any CPU.ActiveCfg = Release|Any CPU
		{95F7A295-7515-4046-B044-64E7EF134892}.Release|Any CPU.Build.0 = Release|Any CPU
		{0D514801-30A3-4F31-9322-09B39B2A2467}.Debug|Any CPU.ActiveCfg = Debug|Any CPU
		{0D514801-30A3-4F31-9322-09B39B2A2467}.Debug|Any CPU.Build.0 = Debug|Any CPU
		{0D514801-30A3-4F31-9322-09B39B2A2467}.Release|Any CPU.ActiveCfg = Release|Any CPU
		{0D514801-30A3-4F31-9322-09B39B2A2467}.Release|Any CPU.Build.0 = Release|Any CPU
		{330370F0-9D64-47D8-A881-32293BB46DB2}.Debug|Any CPU.ActiveCfg = Debug|Any CPU
		{330370F0-9D64-47D8-A881-32293BB46DB2}.Debug|Any CPU.Build.0 = Debug|Any CPU
		{330370F0-9D64-47D8-A881-32293BB46DB2}.Release|Any CPU.ActiveCfg = Release|Any CPU
		{330370F0-9D64-47D8-A881-32293BB46DB2}.Release|Any CPU.Build.0 = Release|Any CPU
		{BDFA8849-9AFC-4DAC-9DBF-C99E19F1122E}.Debug|Any CPU.ActiveCfg = Debug|Any CPU
		{BDFA8849-9AFC-4DAC-9DBF-C99E19F1122E}.Debug|Any CPU.Build.0 = Debug|Any CPU
		{BDFA8849-9AFC-4DAC-9DBF-C99E19F1122E}.Release|Any CPU.ActiveCfg = Release|Any CPU
		{BDFA8849-9AFC-4DAC-9DBF-C99E19F1122E}.Release|Any CPU.Build.0 = Release|Any CPU
		{C3CA581D-9289-443D-8EC5-50158F6FD9CD}.Debug|Any CPU.ActiveCfg = Debug|Any CPU
		{C3CA581D-9289-443D-8EC5-50158F6FD9CD}.Debug|Any CPU.Build.0 = Debug|Any CPU
		{C3CA581D-9289-443D-8EC5-50158F6FD9CD}.Release|Any CPU.ActiveCfg = Release|Any CPU
		{C3CA581D-9289-443D-8EC5-50158F6FD9CD}.Release|Any CPU.Build.0 = Release|Any CPU
		{AC7DC4DA-1413-431F-B280-D22295196B4B}.Debug|Any CPU.ActiveCfg = Debug|Any CPU
		{AC7DC4DA-1413-431F-B280-D22295196B4B}.Debug|Any CPU.Build.0 = Debug|Any CPU
		{AC7DC4DA-1413-431F-B280-D22295196B4B}.Release|Any CPU.ActiveCfg = Release|Any CPU
		{AC7DC4DA-1413-431F-B280-D22295196B4B}.Release|Any CPU.Build.0 = Release|Any CPU
		{A3EECD1F-204F-4F08-9121-C3253BB2A8A6}.Debug|Any CPU.ActiveCfg = Debug|Any CPU
		{A3EECD1F-204F-4F08-9121-C3253BB2A8A6}.Debug|Any CPU.Build.0 = Debug|Any CPU
		{A3EECD1F-204F-4F08-9121-C3253BB2A8A6}.Release|Any CPU.ActiveCfg = Release|Any CPU
		{A3EECD1F-204F-4F08-9121-C3253BB2A8A6}.Release|Any CPU.Build.0 = Release|Any CPU
		{7CB58C05-7D81-48DE-87D9-18BEA1DEBD62}.Debug|Any CPU.ActiveCfg = Debug|Any CPU
		{7CB58C05-7D81-48DE-87D9-18BEA1DEBD62}.Debug|Any CPU.Build.0 = Debug|Any CPU
		{7CB58C05-7D81-48DE-87D9-18BEA1DEBD62}.Release|Any CPU.ActiveCfg = Release|Any CPU
		{7CB58C05-7D81-48DE-87D9-18BEA1DEBD62}.Release|Any CPU.Build.0 = Release|Any CPU
		{1FD592B5-E545-4804-B302-FE39424292F3}.Debug|Any CPU.ActiveCfg = Debug|Any CPU
		{1FD592B5-E545-4804-B302-FE39424292F3}.Debug|Any CPU.Build.0 = Debug|Any CPU
		{1FD592B5-E545-4804-B302-FE39424292F3}.Release|Any CPU.ActiveCfg = Release|Any CPU
		{1FD592B5-E545-4804-B302-FE39424292F3}.Release|Any CPU.Build.0 = Release|Any CPU
		{7DD31E3C-5105-445D-B755-914863CB06C6}.Debug|Any CPU.ActiveCfg = Debug|Any CPU
		{7DD31E3C-5105-445D-B755-914863CB06C6}.Debug|Any CPU.Build.0 = Debug|Any CPU
		{7DD31E3C-5105-445D-B755-914863CB06C6}.Release|Any CPU.ActiveCfg = Release|Any CPU
		{7DD31E3C-5105-445D-B755-914863CB06C6}.Release|Any CPU.Build.0 = Release|Any CPU
		{86BFCE9B-9AE7-4901-AD5B-AD2F7419F764}.Debug|Any CPU.ActiveCfg = Debug|Any CPU
		{86BFCE9B-9AE7-4901-AD5B-AD2F7419F764}.Debug|Any CPU.Build.0 = Debug|Any CPU
		{86BFCE9B-9AE7-4901-AD5B-AD2F7419F764}.Release|Any CPU.ActiveCfg = Release|Any CPU
		{86BFCE9B-9AE7-4901-AD5B-AD2F7419F764}.Release|Any CPU.Build.0 = Release|Any CPU
	EndGlobalSection
	GlobalSection(SolutionProperties) = preSolution
		HideSolutionNode = FALSE
	EndGlobalSection
	GlobalSection(NestedProjects) = preSolution
		{0416D33B-B7AF-433A-A990-C594C87E30CE} = {CE26A73E-F110-464A-BF07-F4A7D4CB2D65}
		{969392EF-35A5-4C65-AB3A-D0DF76119EF9} = {A4877939-DC5E-4B31-AC6F-BD90BF28B7D7}
		{1FE7F614-3637-4685-8C8D-6CCC496F2EC3} = {54647F4C-971F-4252-9F0E-23D787D007A8}
		{7C2BD923-1D74-4D91-BADF-A221EA35F17B} = {EC1735C6-EE31-4DF7-9C0E-B1FE53743465}
		{08951B8E-2965-45BC-9B43-6E3C673C7629} = {2C9A3FC8-F87E-4A08-B21C-98628CE40181}
		{5C22F837-6630-4FB3-B123-804499937834} = {B5BF9E0D-7307-47BA-9E03-0B6DA6A7796D}
		{6705BA6A-5331-4508-9BC4-128B2B6FC3F9} = {478B743D-7E98-4B4A-A5A6-18C342DDEDEB}
		{80015EB7-99CA-4481-A6A2-99230DE7DED8} = {44B8DF48-BAAE-43FD-9BEF-73FF83BC4E5C}
		{95F7A295-7515-4046-B044-64E7EF134892} = {44B8DF48-BAAE-43FD-9BEF-73FF83BC4E5C}
		{0D514801-30A3-4F31-9322-09B39B2A2467} = {25BAD51D-5240-4956-A350-1964C8B93FDA}
		{330370F0-9D64-47D8-A881-32293BB46DB2} = {25BAD51D-5240-4956-A350-1964C8B93FDA}
		{BDFA8849-9AFC-4DAC-9DBF-C99E19F1122E} = {97403CA5-0D64-4787-AB6C-9E0ACFD5753D}
		{C3CA581D-9289-443D-8EC5-50158F6FD9CD} = {97403CA5-0D64-4787-AB6C-9E0ACFD5753D}
		{AC7DC4DA-1413-431F-B280-D22295196B4B} = {ADC4FCD2-75B8-459C-BD96-0D8F6D33FF14}
		{A3EECD1F-204F-4F08-9121-C3253BB2A8A6} = {ADC4FCD2-75B8-459C-BD96-0D8F6D33FF14}
		{7CB58C05-7D81-48DE-87D9-18BEA1DEBD62} = {594D6BBC-99E0-4280-B87E-DEB416CD3131}
		{1FD592B5-E545-4804-B302-FE39424292F3} = {594D6BBC-99E0-4280-B87E-DEB416CD3131}
		{7DD31E3C-5105-445D-B755-914863CB06C6} = {594D6BBC-99E0-4280-B87E-DEB416CD3131}
		{86BFCE9B-9AE7-4901-AD5B-AD2F7419F764} = {25BAD51D-5240-4956-A350-1964C8B93FDA}
	EndGlobalSection
	GlobalSection(ExtensibilityGlobals) = postSolution
		SolutionGuid = {D4A03E58-470B-469D-915E-6AC225679D8F}
	EndGlobalSection
EndGlobal
