
Microsoft Visual Studio Solution File, Format Version 12.00
# Visual Studio 2012
Project("{FAE04EC0-301F-11D3-BF4B-00C04F79EFBC}") = "1-Navigation", "1-Navigation\1-Navigation.csproj", "{08951B8E-2965-45BC-9B43-6E3C673C7629}"
EndProject
Project("{FAE04EC0-301F-11D3-BF4B-00C04F79EFBC}") = "6-UnitTesting", "6-UnitTesting\6-UnitTesting.csproj", "{80015EB7-99CA-4481-A6A2-99230DE7DED8}"
EndProject
Project("{FAE04EC0-301F-11D3-BF4B-00C04F79EFBC}") = "6-UnitTesting-ProductionCode", "6-UnitTesting-ProductionCode\6-UnitTesting-ProductionCode.csproj", "{95F7A295-7515-4046-B044-64E7EF134892}"
EndProject
Global
	GlobalSection(SolutionConfigurationPlatforms) = preSolution
		Debug|Any CPU = Debug|Any CPU
		Release|Any CPU = Release|Any CPU
	EndGlobalSection
	GlobalSection(ProjectConfigurationPlatforms) = postSolution
		{08951B8E-2965-45BC-9B43-6E3C673C7629}.Debug|Any CPU.ActiveCfg = Debug|Any CPU
		{08951B8E-2965-45BC-9B43-6E3C673C7629}.Debug|Any CPU.Build.0 = Debug|Any CPU
		{08951B8E-2965-45BC-9B43-6E3C673C7629}.Release|Any CPU.ActiveCfg = Release|Any CPU
		{08951B8E-2965-45BC-9B43-6E3C673C7629}.Release|Any CPU.Build.0 = Release|Any CPU
		{80015EB7-99CA-4481-A6A2-99230DE7DED8}.Debug|Any CPU.ActiveCfg = Debug|Any CPU
		{80015EB7-99CA-4481-A6A2-99230DE7DED8}.Debug|Any CPU.Build.0 = Debug|Any CPU
		{80015EB7-99CA-4481-A6A2-99230DE7DED8}.Release|Any CPU.ActiveCfg = Release|Any CPU
		{80015EB7-99CA-4481-A6A2-99230DE7DED8}.Release|Any CPU.Build.0 = Release|Any CPU
		{95F7A295-7515-4046-B044-64E7EF134892}.Debug|Any CPU.ActiveCfg = Debug|Any CPU
		{95F7A295-7515-4046-B044-64E7EF134892}.Debug|Any CPU.Build.0 = Debug|Any CPU
		{95F7A295-7515-4046-B044-64E7EF134892}.Release|Any CPU.ActiveCfg = Release|Any CPU
		{95F7A295-7515-4046-B044-64E7EF134892}.Release|Any CPU.Build.0 = Release|Any CPU
	EndGlobalSection
	GlobalSection(SolutionProperties) = preSolution
		HideSolutionNode = FALSE
	EndGlobalSection
EndGlobal
